{
  "version": 4,
  "terraform_version": "1.5.7",
  "serial": 78,
  "lineage": "c00d6b49-d467-7d34-7b82-23a05d16fc3a",
  "outputs": {
    "app_server_instance_id": {
      "value": "i-0aa19ea015b321045",
      "type": "string"
    },
    "app_server_public_dns": {
      "value": "ec2-15-223-63-90.ca-central-1.compute.amazonaws.com",
      "type": "string"
    },
    "app_server_public_ip": {
      "value": "15.223.63.90",
      "type": "string"
    },
    "backend_security_group_id": {
      "value": "sg-05aaf23159390dc5d",
      "type": "string"
    },
    "backend_url": {
      "value": "http://ec2-15-223-63-90.ca-central-1.compute.amazonaws.com:3000",
      "type": "string"
    },
    "database_connection_string": {
      "value": "postgres://perkupuser:s00p3rs3cure!0@perk-up-dev-db.cre0uywik3pg.ca-central-1.rds.amazonaws.com:5432/perkup_production",
      "type": "string",
      "sensitive": true
    },
    "database_security_group_id": {
      "value": "sg-0fb5f079fe5b0384f",
      "type": "string"
    },
    "db_endpoint": {
      "value": "perk-up-dev-db.cre0uywik3pg.ca-central-1.rds.amazonaws.com:5432",
      "type": "string"
    },
    "db_name": {
      "value": "perkup_production",
      "type": "string"
    },
    "db_port": {
      "value": 5432,
      "type": "number"
    },
    "db_username": {
      "value": "perkupuser",
      "type": "string"
    },
    "frontend_security_group_id": {
      "value": "sg-06cddb2849890751b",
      "type": "string"
    },
    "frontend_url": {
      "value": "http://ec2-15-223-63-90.ca-central-1.compute.amazonaws.com:3001",
      "type": "string"
    },
    "private_subnet_ids": {
      "value": [
        "subnet-0e9d0d5e87557e867",
        "subnet-0cea35210623876a2"
      ],
      "type": [
        "tuple",
        [
          "string",
          "string"
        ]
      ]
    },
    "public_subnet_ids": {
      "value": [
        "subnet-0a0bdb92d4c2d6b98",
        "subnet-07862374abd71b2b2"
      ],
      "type": [
        "tuple",
        [
          "string",
          "string"
        ]
      ]
    },
    "vpc_id": {
      "value": "vpc-0b02d5b28dcb498aa",
      "type": "string"
    }
  },
  "resources": [
    {
      "mode": "data",
      "type": "aws_ami",
      "name": "amazon_linux",
      "provider": "provider[\"registry.terraform.io/hashicorp/aws\"]",
      "instances": [
        {
          "schema_version": 0,
          "attributes": {
            "architecture": "x86_64",
            "arn": "arn:aws:ec2:ca-central-1::image/ami-020be873dc19d912d",
            "block_device_mappings": [
              {
                "device_name": "/dev/xvda",
                "ebs": {
                  "delete_on_termination": "true",
                  "encrypted": "false",
                  "iops": "0",
                  "snapshot_id": "snap-010d60cefd5b4fda1",
                  "throughput": "0",
                  "volume_size": "8",
                  "volume_type": "gp2"
                },
                "no_device": "",
                "virtual_name": ""
              }
            ],
            "boot_mode": "",
            "creation_date": "2025-04-05T01:42:16.000Z",
            "deprecation_time": "2025-07-04T01:42:00.000Z",
            "description": "Amazon Linux 2 AMI 2.0.20250405.0 x86_64 HVM gp2",
            "ena_support": true,
            "executable_users": null,
            "filter": [
              {
                "name": "name",
                "values": [
                  "amzn2-ami-hvm-*-x86_64-gp2"
                ]
              },
              {
                "name": "virtualization-type",
                "values": [
                  "hvm"
                ]
              }
            ],
            "hypervisor": "xen",
            "id": "ami-020be873dc19d912d",
            "image_id": "ami-020be873dc19d912d",
            "image_location": "amazon/amzn2-ami-hvm-2.0.20250405.0-x86_64-gp2",
            "image_owner_alias": "amazon",
            "image_type": "machine",
            "imds_support": "",
            "include_deprecated": false,
            "kernel_id": "",
            "last_launched_time": "",
            "most_recent": true,
            "name": "amzn2-ami-hvm-2.0.20250405.0-x86_64-gp2",
            "name_regex": null,
            "owner_id": "137112412989",
            "owners": [
              "amazon"
            ],
            "platform": "",
            "platform_details": "Linux/UNIX",
            "product_codes": [],
            "public": true,
            "ramdisk_id": "",
            "root_device_name": "/dev/xvda",
            "root_device_type": "ebs",
            "root_snapshot_id": "snap-010d60cefd5b4fda1",
            "sriov_net_support": "simple",
            "state": "available",
            "state_reason": {
              "code": "UNSET",
              "message": "UNSET"
            },
            "tags": {},
            "timeouts": null,
            "tpm_support": "",
            "uefi_data": null,
            "usage_operation": "RunInstances",
            "virtualization_type": "hvm"
          },
          "sensitive_attributes": []
        }
      ]
    },
    {
      "mode": "managed",
      "type": "aws_db_instance",
      "name": "main",
      "provider": "provider[\"registry.terraform.io/hashicorp/aws\"]",
      "instances": [
        {
          "schema_version": 2,
          "attributes": {
            "address": "perk-up-dev-db.cre0uywik3pg.ca-central-1.rds.amazonaws.com",
            "allocated_storage": 20,
            "allow_major_version_upgrade": null,
            "apply_immediately": false,
            "arn": "arn:aws:rds:ca-central-1:155343615100:db:perk-up-dev-db",
            "auto_minor_version_upgrade": true,
            "availability_zone": "ca-central-1b",
            "backup_retention_period": 7,
            "backup_target": "region",
            "backup_window": "05:34-06:04",
            "blue_green_update": [],
            "ca_cert_identifier": "rds-ca-rsa2048-g1",
            "character_set_name": "",
            "copy_tags_to_snapshot": false,
            "custom_iam_instance_profile": "",
            "customer_owned_ip_enabled": false,
            "database_insights_mode": "standard",
            "db_name": "perkup_production",
            "db_subnet_group_name": "perk-up-dev-db-subnet-group",
            "dedicated_log_volume": false,
            "delete_automated_backups": true,
            "deletion_protection": false,
            "domain": "",
            "domain_auth_secret_arn": "",
            "domain_dns_ips": [],
            "domain_fqdn": "",
            "domain_iam_role_name": "",
            "domain_ou": "",
            "enabled_cloudwatch_logs_exports": [],
            "endpoint": "perk-up-dev-db.cre0uywik3pg.ca-central-1.rds.amazonaws.com:5432",
            "engine": "postgres",
            "engine_lifecycle_support": "open-source-rds-extended-support",
            "engine_version": "17.4",
            "engine_version_actual": "17.4",
            "final_snapshot_identifier": null,
            "hosted_zone_id": "Z1JG78A3UK1DU3",
            "iam_database_authentication_enabled": false,
            "id": "db-6G6RJVBVMPAHZ34KE7BQMQQZBU",
            "identifier": "perk-up-dev-db",
            "identifier_prefix": "",
            "instance_class": "db.t3.micro",
            "iops": 0,
            "kms_key_id": "",
            "latest_restorable_time": "2025-04-16T18:07:34Z",
            "license_model": "postgresql-license",
            "listener_endpoint": [],
            "maintenance_window": "sun:08:20-sun:08:50",
            "manage_master_user_password": null,
            "master_user_secret": [],
            "master_user_secret_kms_key_id": null,
            "max_allocated_storage": 0,
            "monitoring_interval": 0,
            "monitoring_role_arn": "",
            "multi_az": false,
            "nchar_character_set_name": "",
            "network_type": "IPV4",
            "option_group_name": "default:postgres-17",
            "parameter_group_name": "default.postgres17",
            "password": "s00p3rs3cure!0",
            "password_wo": null,
            "password_wo_version": null,
            "performance_insights_enabled": false,
            "performance_insights_kms_key_id": "",
            "performance_insights_retention_period": 0,
            "port": 5432,
            "publicly_accessible": false,
            "replica_mode": "",
            "replicas": [],
            "replicate_source_db": "",
            "resource_id": "db-6G6RJVBVMPAHZ34KE7BQMQQZBU",
            "restore_to_point_in_time": [],
            "s3_import": [],
            "skip_final_snapshot": true,
            "snapshot_identifier": null,
            "status": "available",
            "storage_encrypted": false,
            "storage_throughput": 0,
            "storage_type": "gp2",
            "tags": {
              "Name": "perk-up-dev-db"
            },
            "tags_all": {
              "Name": "perk-up-dev-db"
            },
            "timeouts": null,
            "timezone": "",
            "upgrade_storage_config": null,
            "username": "perkupuser",
            "vpc_security_group_ids": [
              "sg-0fb5f079fe5b0384f"
            ]
          },
          "sensitive_attributes": [
            [
              {
                "type": "get_attr",
                "value": "password"
              }
            ]
          ],
          "private": "eyJlMmJmYjczMC1lY2FhLTExZTYtOGY4OC0zNDM2M2JjN2M0YzAiOnsiY3JlYXRlIjozMDAwMDAwMDAwMDAwLCJkZWxldGUiOjM2MDAwMDAwMDAwMDAsInVwZGF0ZSI6NDgwMDAwMDAwMDAwMH0sInNjaGVtYV92ZXJzaW9uIjoiMiJ9",
          "dependencies": [
            "aws_db_subnet_group.main",
            "aws_security_group.backend",
            "aws_security_group.database",
            "aws_subnet.private_1",
            "aws_subnet.private_2",
            "aws_vpc.main"
          ]
        }
      ]
    },
    {
      "mode": "managed",
      "type": "aws_db_subnet_group",
      "name": "main",
      "provider": "provider[\"registry.terraform.io/hashicorp/aws\"]",
      "instances": [
        {
          "schema_version": 0,
          "attributes": {
            "arn": "arn:aws:rds:ca-central-1:155343615100:subgrp:perk-up-dev-db-subnet-group",
            "description": "Managed by Terraform",
            "id": "perk-up-dev-db-subnet-group",
            "name": "perk-up-dev-db-subnet-group",
            "name_prefix": "",
            "subnet_ids": [
              "subnet-0cea35210623876a2",
              "subnet-0e9d0d5e87557e867"
            ],
            "supported_network_types": [
              "IPV4"
            ],
            "tags": {
              "Name": "perk-up-dev-db-subnet-group"
            },
            "tags_all": {
              "Name": "perk-up-dev-db-subnet-group"
            },
            "vpc_id": "vpc-0b02d5b28dcb498aa"
          },
          "sensitive_attributes": [],
          "private": "bnVsbA==",
          "dependencies": [
            "aws_subnet.private_1",
            "aws_subnet.private_2",
            "aws_vpc.main"
          ]
        }
      ]
    },
    {
      "mode": "managed",
      "type": "aws_instance",
      "name": "app_server",
      "provider": "provider[\"registry.terraform.io/hashicorp/aws\"]",
      "instances": [
        {
          "schema_version": 1,
          "attributes": {
            "ami": "ami-020be873dc19d912d",
            "arn": "arn:aws:ec2:ca-central-1:155343615100:instance/i-0aa19ea015b321045",
            "associate_public_ip_address": true,
            "availability_zone": "ca-central-1a",
            "capacity_reservation_specification": [
              {
                "capacity_reservation_preference": "open",
                "capacity_reservation_target": []
              }
            ],
            "cpu_core_count": 1,
            "cpu_options": [
              {
                "amd_sev_snp": "",
                "core_count": 1,
                "threads_per_core": 1
              }
            ],
            "cpu_threads_per_core": 1,
            "credit_specification": [
              {
                "cpu_credits": "standard"
              }
            ],
            "disable_api_stop": false,
            "disable_api_termination": false,
            "ebs_block_device": [],
            "ebs_optimized": false,
            "enable_primary_ipv6": null,
            "enclave_options": [
              {
                "enabled": false
              }
            ],
            "ephemeral_block_device": [],
            "get_password_data": false,
            "hibernation": false,
            "host_id": "",
            "host_resource_group_arn": null,
            "iam_instance_profile": "",
            "id": "i-0aa19ea015b321045",
            "instance_initiated_shutdown_behavior": "stop",
            "instance_lifecycle": "",
            "instance_market_options": [],
            "instance_state": "running",
            "instance_type": "t2.micro",
            "ipv6_address_count": 0,
            "ipv6_addresses": [],
            "key_name": "perk-up-dev",
            "launch_template": [],
            "maintenance_options": [
              {
                "auto_recovery": "default"
              }
            ],
            "metadata_options": [
              {
                "http_endpoint": "enabled",
                "http_protocol_ipv6": "disabled",
                "http_put_response_hop_limit": 1,
                "http_tokens": "optional",
                "instance_metadata_tags": "disabled"
              }
            ],
            "monitoring": false,
            "network_interface": [],
            "outpost_arn": "",
            "password_data": "",
            "placement_group": "",
            "placement_partition_number": 0,
            "primary_network_interface_id": "eni-05c9bd7a3e574a8ff",
            "private_dns": "ip-10-0-1-218.ca-central-1.compute.internal",
            "private_dns_name_options": [
              {
                "enable_resource_name_dns_a_record": false,
                "enable_resource_name_dns_aaaa_record": false,
                "hostname_type": "ip-name"
              }
            ],
            "private_ip": "10.0.1.218",
            "public_dns": "ec2-15-223-63-90.ca-central-1.compute.amazonaws.com",
            "public_ip": "15.223.63.90",
            "root_block_device": [
              {
                "delete_on_termination": true,
                "device_name": "/dev/xvda",
                "encrypted": false,
                "iops": 100,
                "kms_key_id": "",
                "tags": {},
                "tags_all": {},
                "throughput": 0,
                "volume_id": "vol-05db086c2a97e0c1b",
                "volume_size": 20,
                "volume_type": "gp2"
              }
            ],
            "secondary_private_ips": [],
            "security_groups": [],
            "source_dest_check": true,
            "spot_instance_request_id": "",
            "subnet_id": "subnet-0a0bdb92d4c2d6b98",
            "tags": {
              "Name": "perk-up-dev-app-server"
            },
            "tags_all": {
              "Name": "perk-up-dev-app-server"
            },
            "tenancy": "default",
            "timeouts": null,
            "user_data": "8f9d1b51de9d039ac6c49a2ccba70ca4ec1b0add",
            "user_data_base64": null,
            "user_data_replace_on_change": false,
            "volume_tags": null,
            "vpc_security_group_ids": [
              "sg-05aaf23159390dc5d",
              "sg-06cddb2849890751b"
            ]
          },
          "sensitive_attributes": [
            [
              {
                "type": "get_attr",
                "value": "user_data"
              }
            ]
          ],
          "private": "eyJlMmJmYjczMC1lY2FhLTExZTYtOGY4OC0zNDM2M2JjN2M0YzAiOnsiY3JlYXRlIjo2MDAwMDAwMDAwMDAsImRlbGV0ZSI6MTIwMDAwMDAwMDAwMCwicmVhZCI6OTAwMDAwMDAwMDAwLCJ1cGRhdGUiOjYwMDAwMDAwMDAwMH0sInNjaGVtYV92ZXJzaW9uIjoiMSJ9",
          "dependencies": [
            "aws_security_group.backend",
            "aws_security_group.frontend",
            "aws_subnet.public_1",
            "data.aws_ami.amazon_linux"
          ]
        }
      ]
    },
    {
      "mode": "managed",
      "type": "aws_internet_gateway",
      "name": "main",
      "provider": "provider[\"registry.terraform.io/hashicorp/aws\"]",
      "instances": [
        {
          "schema_version": 0,
          "attributes": {
            "arn": "arn:aws:ec2:ca-central-1:155343615100:internet-gateway/igw-0dca57993a796305e",
            "id": "igw-0dca57993a796305e",
            "owner_id": "155343615100",
            "tags": {
              "Name": "perk-up-dev-igw"
            },
            "tags_all": {
              "Name": "perk-up-dev-igw"
            },
            "timeouts": null,
            "vpc_id": "vpc-0b02d5b28dcb498aa"
          },
          "sensitive_attributes": [],
          "private": "eyJlMmJmYjczMC1lY2FhLTExZTYtOGY4OC0zNDM2M2JjN2M0YzAiOnsiY3JlYXRlIjoxMjAwMDAwMDAwMDAwLCJkZWxldGUiOjEyMDAwMDAwMDAwMDAsInVwZGF0ZSI6MTIwMDAwMDAwMDAwMH19",
          "dependencies": [
            "aws_vpc.main"
          ]
        }
      ]
    },
    {
      "mode": "managed",
      "type": "aws_route_table",
      "name": "public",
      "provider": "provider[\"registry.terraform.io/hashicorp/aws\"]",
      "instances": [
        {
          "schema_version": 0,
          "attributes": {
            "arn": "arn:aws:ec2:ca-central-1:155343615100:route-table/rtb-0151ef274896daccf",
            "id": "rtb-0151ef274896daccf",
            "owner_id": "155343615100",
            "propagating_vgws": [],
            "route": [
              {
                "carrier_gateway_id": "",
                "cidr_block": "0.0.0.0/0",
                "core_network_arn": "",
                "destination_prefix_list_id": "",
                "egress_only_gateway_id": "",
                "gateway_id": "igw-0dca57993a796305e",
                "ipv6_cidr_block": "",
                "local_gateway_id": "",
                "nat_gateway_id": "",
                "network_interface_id": "",
                "transit_gateway_id": "",
                "vpc_endpoint_id": "",
                "vpc_peering_connection_id": ""
              }
            ],
            "tags": {
              "Name": "perk-up-dev-public-rt"
            },
            "tags_all": {
              "Name": "perk-up-dev-public-rt"
            },
            "timeouts": null,
            "vpc_id": "vpc-0b02d5b28dcb498aa"
          },
          "sensitive_attributes": [],
          "private": "eyJlMmJmYjczMC1lY2FhLTExZTYtOGY4OC0zNDM2M2JjN2M0YzAiOnsiY3JlYXRlIjozMDAwMDAwMDAwMDAsImRlbGV0ZSI6MzAwMDAwMDAwMDAwLCJ1cGRhdGUiOjEyMDAwMDAwMDAwMH19",
          "dependencies": [
            "aws_internet_gateway.main",
            "aws_vpc.main"
          ]
        }
      ]
    },
    {
      "mode": "managed",
      "type": "aws_route_table_association",
      "name": "public_1",
      "provider": "provider[\"registry.terraform.io/hashicorp/aws\"]",
      "instances": [
        {
          "schema_version": 0,
          "attributes": {
            "gateway_id": "",
            "id": "rtbassoc-07b6ce074c7a21295",
            "route_table_id": "rtb-0151ef274896daccf",
            "subnet_id": "subnet-0a0bdb92d4c2d6b98",
            "timeouts": null
          },
          "sensitive_attributes": [],
          "private": "eyJlMmJmYjczMC1lY2FhLTExZTYtOGY4OC0zNDM2M2JjN2M0YzAiOnsiY3JlYXRlIjozMDAwMDAwMDAwMDAsImRlbGV0ZSI6MzAwMDAwMDAwMDAwLCJ1cGRhdGUiOjEyMDAwMDAwMDAwMH19",
          "dependencies": [
            "aws_internet_gateway.main",
            "aws_route_table.public",
            "aws_subnet.public_1",
            "aws_vpc.main"
          ]
        }
      ]
    },
    {
      "mode": "managed",
      "type": "aws_route_table_association",
      "name": "public_2",
      "provider": "provider[\"registry.terraform.io/hashicorp/aws\"]",
      "instances": [
        {
          "schema_version": 0,
          "attributes": {
            "gateway_id": "",
            "id": "rtbassoc-0212e932f282457c6",
            "route_table_id": "rtb-0151ef274896daccf",
            "subnet_id": "subnet-07862374abd71b2b2",
            "timeouts": null
          },
          "sensitive_attributes": [],
          "private": "eyJlMmJmYjczMC1lY2FhLTExZTYtOGY4OC0zNDM2M2JjN2M0YzAiOnsiY3JlYXRlIjozMDAwMDAwMDAwMDAsImRlbGV0ZSI6MzAwMDAwMDAwMDAwLCJ1cGRhdGUiOjEyMDAwMDAwMDAwMH19",
          "dependencies": [
            "aws_internet_gateway.main",
            "aws_route_table.public",
            "aws_subnet.public_2",
            "aws_vpc.main"
          ]
        }
      ]
    },
    {
      "mode": "managed",
      "type": "aws_security_group",
      "name": "backend",
      "provider": "provider[\"registry.terraform.io/hashicorp/aws\"]",
      "instances": [
        {
          "schema_version": 1,
          "attributes": {
            "arn": "arn:aws:ec2:ca-central-1:155343615100:security-group/sg-05aaf23159390dc5d",
            "description": "Security group for backend Rails application",
            "egress": [
              {
                "cidr_blocks": [
                  "0.0.0.0/0"
                ],
                "description": "",
                "from_port": 0,
                "ipv6_cidr_blocks": [],
                "prefix_list_ids": [],
                "protocol": "-1",
                "security_groups": [],
                "self": false,
                "to_port": 0
              }
            ],
            "id": "sg-05aaf23159390dc5d",
            "ingress": [
              {
                "cidr_blocks": [
                  "0.0.0.0/0"
                ],
                "description": "",
                "from_port": 22,
                "ipv6_cidr_blocks": [],
                "prefix_list_ids": [],
                "protocol": "tcp",
                "security_groups": [],
                "self": false,
                "to_port": 22
              },
              {
                "cidr_blocks": [
                  "0.0.0.0/0"
                ],
                "description": "",
                "from_port": 3000,
                "ipv6_cidr_blocks": [],
                "prefix_list_ids": [],
                "protocol": "tcp",
                "security_groups": [],
                "self": false,
                "to_port": 3000
              },
              {
                "cidr_blocks": [
                  "0.0.0.0/0"
                ],
                "description": "",
                "from_port": 80,
                "ipv6_cidr_blocks": [],
                "prefix_list_ids": [],
                "protocol": "tcp",
                "security_groups": [],
                "self": false,
                "to_port": 80
              }
            ],
            "name": "perk-up-dev-backend-sg",
            "name_prefix": "",
            "owner_id": "155343615100",
            "revoke_rules_on_delete": false,
            "tags": {
              "Name": "perk-up-dev-backend-sg"
            },
            "tags_all": {
              "Name": "perk-up-dev-backend-sg"
            },
            "timeouts": null,
            "vpc_id": "vpc-0b02d5b28dcb498aa"
          },
          "sensitive_attributes": [],
          "private": "eyJlMmJmYjczMC1lY2FhLTExZTYtOGY4OC0zNDM2M2JjN2M0YzAiOnsiY3JlYXRlIjo2MDAwMDAwMDAwMDAsImRlbGV0ZSI6OTAwMDAwMDAwMDAwfSwic2NoZW1hX3ZlcnNpb24iOiIxIn0=",
          "dependencies": [
            "aws_vpc.main"
          ]
        }
      ]
    },
    {
      "mode": "managed",
      "type": "aws_security_group",
      "name": "database",
      "provider": "provider[\"registry.terraform.io/hashicorp/aws\"]",
      "instances": [
        {
          "schema_version": 1,
          "attributes": {
            "arn": "arn:aws:ec2:ca-central-1:155343615100:security-group/sg-0fb5f079fe5b0384f",
            "description": "Security group for RDS database",
            "egress": [],
            "id": "sg-0fb5f079fe5b0384f",
            "ingress": [
              {
                "cidr_blocks": [],
                "description": "",
                "from_port": 5432,
                "ipv6_cidr_blocks": [],
                "prefix_list_ids": [],
                "protocol": "tcp",
                "security_groups": [
                  "sg-05aaf23159390dc5d"
                ],
                "self": false,
                "to_port": 5432
              }
            ],
            "name": "perk-up-dev-database-sg",
            "name_prefix": "",
            "owner_id": "155343615100",
            "revoke_rules_on_delete": false,
            "tags": {
              "Name": "perk-up-dev-database-sg"
            },
            "tags_all": {
              "Name": "perk-up-dev-database-sg"
            },
            "timeouts": null,
            "vpc_id": "vpc-0b02d5b28dcb498aa"
          },
          "sensitive_attributes": [],
          "private": "eyJlMmJmYjczMC1lY2FhLTExZTYtOGY4OC0zNDM2M2JjN2M0YzAiOnsiY3JlYXRlIjo2MDAwMDAwMDAwMDAsImRlbGV0ZSI6OTAwMDAwMDAwMDAwfSwic2NoZW1hX3ZlcnNpb24iOiIxIn0=",
          "dependencies": [
            "aws_security_group.backend",
            "aws_vpc.main"
          ]
        }
      ]
    },
    {
      "mode": "managed",
      "type": "aws_security_group",
      "name": "frontend",
      "provider": "provider[\"registry.terraform.io/hashicorp/aws\"]",
      "instances": [
        {
          "schema_version": 1,
          "attributes": {
            "arn": "arn:aws:ec2:ca-central-1:155343615100:security-group/sg-06cddb2849890751b",
            "description": "Security group for frontend Node.js application",
            "egress": [
              {
                "cidr_blocks": [
                  "0.0.0.0/0"
                ],
                "description": "",
                "from_port": 0,
                "ipv6_cidr_blocks": [],
                "prefix_list_ids": [],
                "protocol": "-1",
                "security_groups": [],
                "self": false,
                "to_port": 0
              }
            ],
            "id": "sg-06cddb2849890751b",
            "ingress": [
              {
                "cidr_blocks": [
                  "0.0.0.0/0"
                ],
                "description": "",
                "from_port": 22,
                "ipv6_cidr_blocks": [],
                "prefix_list_ids": [],
                "protocol": "tcp",
                "security_groups": [],
                "self": false,
                "to_port": 22
              },
              {
                "cidr_blocks": [
                  "0.0.0.0/0"
                ],
                "description": "",
                "from_port": 3001,
                "ipv6_cidr_blocks": [],
                "prefix_list_ids": [],
                "protocol": "tcp",
                "security_groups": [],
                "self": false,
                "to_port": 3001
              },
              {
                "cidr_blocks": [
                  "0.0.0.0/0"
                ],
                "description": "",
                "from_port": 80,
                "ipv6_cidr_blocks": [],
                "prefix_list_ids": [],
                "protocol": "tcp",
                "security_groups": [],
                "self": false,
                "to_port": 80
              }
            ],
            "name": "perk-up-dev-frontend-sg",
            "name_prefix": "",
            "owner_id": "155343615100",
            "revoke_rules_on_delete": false,
            "tags": {
              "Name": "perk-up-dev-frontend-sg"
            },
            "tags_all": {
              "Name": "perk-up-dev-frontend-sg"
            },
            "timeouts": null,
            "vpc_id": "vpc-0b02d5b28dcb498aa"
          },
          "sensitive_attributes": [],
          "private": "eyJlMmJmYjczMC1lY2FhLTExZTYtOGY4OC0zNDM2M2JjN2M0YzAiOnsiY3JlYXRlIjo2MDAwMDAwMDAwMDAsImRlbGV0ZSI6OTAwMDAwMDAwMDAwfSwic2NoZW1hX3ZlcnNpb24iOiIxIn0=",
          "dependencies": [
            "aws_vpc.main"
          ]
        }
      ]
    },
    {
      "mode": "managed",
      "type": "aws_subnet",
      "name": "private_1",
      "provider": "provider[\"registry.terraform.io/hashicorp/aws\"]",
      "instances": [
        {
          "schema_version": 1,
          "attributes": {
            "arn": "arn:aws:ec2:ca-central-1:155343615100:subnet/subnet-0e9d0d5e87557e867",
            "assign_ipv6_address_on_creation": false,
            "availability_zone": "ca-central-1a",
            "availability_zone_id": "cac1-az1",
            "cidr_block": "10.0.3.0/24",
            "customer_owned_ipv4_pool": "",
            "enable_dns64": false,
            "enable_lni_at_device_index": 0,
            "enable_resource_name_dns_a_record_on_launch": false,
            "enable_resource_name_dns_aaaa_record_on_launch": false,
            "id": "subnet-0e9d0d5e87557e867",
            "ipv6_cidr_block": "",
            "ipv6_cidr_block_association_id": "",
            "ipv6_native": false,
            "map_customer_owned_ip_on_launch": false,
            "map_public_ip_on_launch": false,
            "outpost_arn": "",
            "owner_id": "155343615100",
            "private_dns_hostname_type_on_launch": "ip-name",
            "tags": {
              "Name": "perk-up-dev-private-subnet-1"
            },
            "tags_all": {
              "Name": "perk-up-dev-private-subnet-1"
            },
            "timeouts": null,
            "vpc_id": "vpc-0b02d5b28dcb498aa"
          },
          "sensitive_attributes": [],
          "private": "eyJlMmJmYjczMC1lY2FhLTExZTYtOGY4OC0zNDM2M2JjN2M0YzAiOnsiY3JlYXRlIjo2MDAwMDAwMDAwMDAsImRlbGV0ZSI6MTIwMDAwMDAwMDAwMH0sInNjaGVtYV92ZXJzaW9uIjoiMSJ9",
          "dependencies": [
            "aws_vpc.main"
          ]
        }
      ]
    },
    {
      "mode": "managed",
      "type": "aws_subnet",
      "name": "private_2",
      "provider": "provider[\"registry.terraform.io/hashicorp/aws\"]",
      "instances": [
        {
          "schema_version": 1,
          "attributes": {
            "arn": "arn:aws:ec2:ca-central-1:155343615100:subnet/subnet-0cea35210623876a2",
            "assign_ipv6_address_on_creation": false,
            "availability_zone": "ca-central-1b",
            "availability_zone_id": "cac1-az2",
            "cidr_block": "10.0.4.0/24",
            "customer_owned_ipv4_pool": "",
            "enable_dns64": false,
            "enable_lni_at_device_index": 0,
            "enable_resource_name_dns_a_record_on_launch": false,
            "enable_resource_name_dns_aaaa_record_on_launch": false,
            "id": "subnet-0cea35210623876a2",
            "ipv6_cidr_block": "",
            "ipv6_cidr_block_association_id": "",
            "ipv6_native": false,
            "map_customer_owned_ip_on_launch": false,
            "map_public_ip_on_launch": false,
            "outpost_arn": "",
            "owner_id": "155343615100",
            "private_dns_hostname_type_on_launch": "ip-name",
            "tags": {
              "Name": "perk-up-dev-private-subnet-2"
            },
            "tags_all": {
              "Name": "perk-up-dev-private-subnet-2"
            },
            "timeouts": null,
            "vpc_id": "vpc-0b02d5b28dcb498aa"
          },
          "sensitive_attributes": [],
          "private": "eyJlMmJmYjczMC1lY2FhLTExZTYtOGY4OC0zNDM2M2JjN2M0YzAiOnsiY3JlYXRlIjo2MDAwMDAwMDAwMDAsImRlbGV0ZSI6MTIwMDAwMDAwMDAwMH0sInNjaGVtYV92ZXJzaW9uIjoiMSJ9",
          "dependencies": [
            "aws_vpc.main"
          ]
        }
      ]
    },
    {
      "mode": "managed",
      "type": "aws_subnet",
      "name": "public_1",
      "provider": "provider[\"registry.terraform.io/hashicorp/aws\"]",
      "instances": [
        {
          "schema_version": 1,
          "attributes": {
            "arn": "arn:aws:ec2:ca-central-1:155343615100:subnet/subnet-0a0bdb92d4c2d6b98",
            "assign_ipv6_address_on_creation": false,
            "availability_zone": "ca-central-1a",
            "availability_zone_id": "cac1-az1",
            "cidr_block": "10.0.1.0/24",
            "customer_owned_ipv4_pool": "",
            "enable_dns64": false,
            "enable_lni_at_device_index": 0,
            "enable_resource_name_dns_a_record_on_launch": false,
            "enable_resource_name_dns_aaaa_record_on_launch": false,
            "id": "subnet-0a0bdb92d4c2d6b98",
            "ipv6_cidr_block": "",
            "ipv6_cidr_block_association_id": "",
            "ipv6_native": false,
            "map_customer_owned_ip_on_launch": false,
            "map_public_ip_on_launch": true,
            "outpost_arn": "",
            "owner_id": "155343615100",
            "private_dns_hostname_type_on_launch": "ip-name",
            "tags": {
              "Name": "perk-up-dev-public-subnet-1"
            },
            "tags_all": {
              "Name": "perk-up-dev-public-subnet-1"
            },
            "timeouts": null,
            "vpc_id": "vpc-0b02d5b28dcb498aa"
          },
          "sensitive_attributes": [],
          "private": "eyJlMmJmYjczMC1lY2FhLTExZTYtOGY4OC0zNDM2M2JjN2M0YzAiOnsiY3JlYXRlIjo2MDAwMDAwMDAwMDAsImRlbGV0ZSI6MTIwMDAwMDAwMDAwMH0sInNjaGVtYV92ZXJzaW9uIjoiMSJ9",
          "dependencies": [
            "aws_vpc.main"
          ]
        }
      ]
    },
    {
      "mode": "managed",
      "type": "aws_subnet",
      "name": "public_2",
      "provider": "provider[\"registry.terraform.io/hashicorp/aws\"]",
      "instances": [
        {
          "schema_version": 1,
          "attributes": {
            "arn": "arn:aws:ec2:ca-central-1:155343615100:subnet/subnet-07862374abd71b2b2",
            "assign_ipv6_address_on_creation": false,
            "availability_zone": "ca-central-1b",
            "availability_zone_id": "cac1-az2",
            "cidr_block": "10.0.2.0/24",
            "customer_owned_ipv4_pool": "",
            "enable_dns64": false,
            "enable_lni_at_device_index": 0,
            "enable_resource_name_dns_a_record_on_launch": false,
            "enable_resource_name_dns_aaaa_record_on_launch": false,
            "id": "subnet-07862374abd71b2b2",
            "ipv6_cidr_block": "",
            "ipv6_cidr_block_association_id": "",
            "ipv6_native": false,
            "map_customer_owned_ip_on_launch": false,
            "map_public_ip_on_launch": true,
            "outpost_arn": "",
            "owner_id": "155343615100",
            "private_dns_hostname_type_on_launch": "ip-name",
            "tags": {
              "Name": "perk-up-dev-public-subnet-2"
            },
            "tags_all": {
              "Name": "perk-up-dev-public-subnet-2"
            },
            "timeouts": null,
            "vpc_id": "vpc-0b02d5b28dcb498aa"
          },
          "sensitive_attributes": [],
          "private": "eyJlMmJmYjczMC1lY2FhLTExZTYtOGY4OC0zNDM2M2JjN2M0YzAiOnsiY3JlYXRlIjo2MDAwMDAwMDAwMDAsImRlbGV0ZSI6MTIwMDAwMDAwMDAwMH0sInNjaGVtYV92ZXJzaW9uIjoiMSJ9",
          "dependencies": [
            "aws_vpc.main"
          ]
        }
      ]
    },
    {
      "mode": "managed",
      "type": "aws_vpc",
      "name": "main",
      "provider": "provider[\"registry.terraform.io/hashicorp/aws\"]",
      "instances": [
        {
          "schema_version": 1,
          "attributes": {
            "arn": "arn:aws:ec2:ca-central-1:155343615100:vpc/vpc-0b02d5b28dcb498aa",
            "assign_generated_ipv6_cidr_block": false,
            "cidr_block": "10.0.0.0/16",
            "default_network_acl_id": "acl-01b64b126065b9bf2",
            "default_route_table_id": "rtb-027ca3f07323a7302",
            "default_security_group_id": "sg-0dccb8bdae36eef46",
            "dhcp_options_id": "dopt-0d3b4ddb6861023e1",
            "enable_dns_hostnames": true,
            "enable_dns_support": true,
            "enable_network_address_usage_metrics": false,
            "id": "vpc-0b02d5b28dcb498aa",
            "instance_tenancy": "default",
            "ipv4_ipam_pool_id": null,
            "ipv4_netmask_length": null,
            "ipv6_association_id": "",
            "ipv6_cidr_block": "",
            "ipv6_cidr_block_network_border_group": "",
            "ipv6_ipam_pool_id": "",
            "ipv6_netmask_length": 0,
            "main_route_table_id": "rtb-027ca3f07323a7302",
            "owner_id": "155343615100",
            "tags": {
              "Name": "perk-up-dev-vpc"
            },
            "tags_all": {
              "Name": "perk-up-dev-vpc"
            }
          },
          "sensitive_attributes": [],
          "private": "eyJzY2hlbWFfdmVyc2lvbiI6IjEifQ=="
        }
      ]
    }
  ],
  "check_results": null
}
